
Microsoft Visual Studio Solution File, Format Version 12.00
# Visual Studio Version 17
VisualStudioVersion = 17.2.32314.265
MinimumVisualStudioVersion = 10.0.40219.1
Project("{9A19103F-16F7-4668-BE54-9A1E7A4F7556}") = "TestConApp", "TestConApp\TestConApp.csproj", "{A3BA56C9-075C-415E-A722-257FA9413627}"
EndProject
Global
	GlobalSection(SolutionConfigurationPlatforms) = preSolution
		Debug|Any CPU = Debug|Any CPU
		Release|Any CPU = Release|Any CPU
	EndGlobalSection
	GlobalSection(ProjectConfigurationPlatforms) = postSolution
		{A3BA56C9-075C-415E-A722-257FA9413627}.Debug|Any CPU.ActiveCfg = Debug|Any CPU
		{A3BA56C9-075C-415E-A722-257FA9413627}.Debug|Any CPU.Build.0 = Debug|Any CPU
		{A3BA56C9-075C-415E-A722-257FA9413627}.Release|Any CPU.ActiveCfg = Release|Any CPU
		{A3BA56C9-075C-415E-A722-257FA9413627}.Release|Any CPU.Build.0 = Release|Any CPU
	EndGlobalSection
	GlobalSection(SolutionProperties) = preSolution
		HideSolutionNode = FALSE
	EndGlobalSection
	GlobalSection(ExtensibilityGlobals) = postSolution
		SolutionGuid = {466A30FD-FDE5-495E-BA95-AEBE5AA73C06}
	EndGlobalSection
EndGlobal
